// !$*UTF8*$!
{
	archiveVersion = 1;
	classes = {
	};
	objectVersion = 55;
	objects = {

/* Begin PBXBuildFile section */
		10982E5E27219163008A34C2 /* AppDelegate.swift in Sources */ = {isa = PBXBuildFile; fileRef = 10982E5D27219163008A34C2 /* AppDelegate.swift */; };
		10982E6027219163008A34C2 /* SceneDelegate.swift in Sources */ = {isa = PBXBuildFile; fileRef = 10982E5F27219163008A34C2 /* SceneDelegate.swift */; };
		10982E6227219163008A34C2 /* ViewController.swift in Sources */ = {isa = PBXBuildFile; fileRef = 10982E6127219163008A34C2 /* ViewController.swift */; };
		10982E6527219163008A34C2 /* Main.storyboard in Resources */ = {isa = PBXBuildFile; fileRef = 10982E6327219163008A34C2 /* Main.storyboard */; };
		10982E6727219165008A34C2 /* Assets.xcassets in Resources */ = {isa = PBXBuildFile; fileRef = 10982E6627219165008A34C2 /* Assets.xcassets */; };
		10982E6A27219165008A34C2 /* LaunchScreen.storyboard in Resources */ = {isa = PBXBuildFile; fileRef = 10982E6827219165008A34C2 /* LaunchScreen.storyboard */; };
		10982E7527219166008A34C2 /* MVVMArchitectureExampleTests.swift in Sources */ = {isa = PBXBuildFile; fileRef = 10982E7427219166008A34C2 /* MVVMArchitectureExampleTests.swift */; };
		10982E7F27219166008A34C2 /* MVVMArchitectureExampleUITests.swift in Sources */ = {isa = PBXBuildFile; fileRef = 10982E7E27219166008A34C2 /* MVVMArchitectureExampleUITests.swift */; };
		10982E8127219166008A34C2 /* MVVMArchitectureExampleUITestsLaunchTests.swift in Sources */ = {isa = PBXBuildFile; fileRef = 10982E8027219166008A34C2 /* MVVMArchitectureExampleUITestsLaunchTests.swift */; };
		10982E9227219416008A34C2 /* Article.swift in Sources */ = {isa = PBXBuildFile; fileRef = 10982E9127219416008A34C2 /* Article.swift */; };
		10982E9427219468008A34C2 /* WebService.swift in Sources */ = {isa = PBXBuildFile; fileRef = 10982E9327219468008A34C2 /* WebService.swift */; };
/* End PBXBuildFile section */

/* Begin PBXContainerItemProxy section */
		10982E7127219166008A34C2 /* PBXContainerItemProxy */ = {
			isa = PBXContainerItemProxy;
			containerPortal = 10982E5227219163008A34C2 /* Project object */;
			proxyType = 1;
			remoteGlobalIDString = 10982E5927219163008A34C2;
			remoteInfo = MVVMArchitectureExample;
		};
		10982E7B27219166008A34C2 /* PBXContainerItemProxy */ = {
			isa = PBXContainerItemProxy;
			containerPortal = 10982E5227219163008A34C2 /* Project object */;
			proxyType = 1;
			remoteGlobalIDString = 10982E5927219163008A34C2;
			remoteInfo = MVVMArchitectureExample;
		};
/* End PBXContainerItemProxy section */

/* Begin PBXFileReference section */
		10982E5A27219163008A34C2 /* MVVMArchitectureExample.app */ = {isa = PBXFileReference; explicitFileType = wrapper.application; includeInIndex = 0; path = MVVMArchitectureExample.app; sourceTree = BUILT_PRODUCTS_DIR; };
		10982E5D27219163008A34C2 /* AppDelegate.swift */ = {isa = PBXFileReference; lastKnownFileType = sourcecode.swift; path = AppDelegate.swift; sourceTree = "<group>"; };
		10982E5F27219163008A34C2 /* SceneDelegate.swift */ = {isa = PBXFileReference; lastKnownFileType = sourcecode.swift; path = SceneDelegate.swift; sourceTree = "<group>"; };
		10982E6127219163008A34C2 /* ViewController.swift */ = {isa = PBXFileReference; lastKnownFileType = sourcecode.swift; path = ViewController.swift; sourceTree = "<group>"; };
		10982E6427219163008A34C2 /* Base */ = {isa = PBXFileReference; lastKnownFileType = file.storyboard; name = Base; path = Base.lproj/Main.storyboard; sourceTree = "<group>"; };
		10982E6627219165008A34C2 /* Assets.xcassets */ = {isa = PBXFileReference; lastKnownFileType = folder.assetcatalog; path = Assets.xcassets; sourceTree = "<group>"; };
		10982E6927219165008A34C2 /* Base */ = {isa = PBXFileReference; lastKnownFileType = file.storyboard; name = Base; path = Base.lproj/LaunchScreen.storyboard; sourceTree = "<group>"; };
		10982E6B27219165008A34C2 /* Info.plist */ = {isa = PBXFileReference; lastKnownFileType = text.plist.xml; path = Info.plist; sourceTree = "<group>"; };
		10982E7027219166008A34C2 /* MVVMArchitectureExampleTests.xctest */ = {isa = PBXFileReference; explicitFileType = wrapper.cfbundle; includeInIndex = 0; path = MVVMArchitectureExampleTests.xctest; sourceTree = BUILT_PRODUCTS_DIR; };
		10982E7427219166008A34C2 /* MVVMArchitectureExampleTests.swift */ = {isa = PBXFileReference; lastKnownFileType = sourcecode.swift; path = MVVMArchitectureExampleTests.swift; sourceTree = "<group>"; };
		10982E7A27219166008A34C2 /* MVVMArchitectureExampleUITests.xctest */ = {isa = PBXFileReference; explicitFileType = wrapper.cfbundle; includeInIndex = 0; path = MVVMArchitectureExampleUITests.xctest; sourceTree = BUILT_PRODUCTS_DIR; };
		10982E7E27219166008A34C2 /* MVVMArchitectureExampleUITests.swift */ = {isa = PBXFileReference; lastKnownFileType = sourcecode.swift; path = MVVMArchitectureExampleUITests.swift; sourceTree = "<group>"; };
		10982E8027219166008A34C2 /* MVVMArchitectureExampleUITestsLaunchTests.swift */ = {isa = PBXFileReference; lastKnownFileType = sourcecode.swift; path = MVVMArchitectureExampleUITestsLaunchTests.swift; sourceTree = "<group>"; };
		10982E9127219416008A34C2 /* Article.swift */ = {isa = PBXFileReference; lastKnownFileType = sourcecode.swift; path = Article.swift; sourceTree = "<group>"; };
		10982E9327219468008A34C2 /* WebService.swift */ = {isa = PBXFileReference; lastKnownFileType = sourcecode.swift; path = WebService.swift; sourceTree = "<group>"; };
/* End PBXFileReference section */

/* Begin PBXFrameworksBuildPhase section */
		10982E5727219163008A34C2 /* Frameworks */ = {
			isa = PBXFrameworksBuildPhase;
			buildActionMask = 2147483647;
			files = (
			);
			runOnlyForDeploymentPostprocessing = 0;
		};
		10982E6D27219166008A34C2 /* Frameworks */ = {
			isa = PBXFrameworksBuildPhase;
			buildActionMask = 2147483647;
			files = (
			);
			runOnlyForDeploymentPostprocessing = 0;
		};
		10982E7727219166008A34C2 /* Frameworks */ = {
			isa = PBXFrameworksBuildPhase;
			buildActionMask = 2147483647;
			files = (
			);
			runOnlyForDeploymentPostprocessing = 0;
		};
/* End PBXFrameworksBuildPhase section */

/* Begin PBXGroup section */
		10982E5127219163008A34C2 = {
			isa = PBXGroup;
			children = (
				10982E5C27219163008A34C2 /* MVVMArchitectureExample */,
				10982E7327219166008A34C2 /* MVVMArchitectureExampleTests */,
				10982E7D27219166008A34C2 /* MVVMArchitectureExampleUITests */,
				10982E5B27219163008A34C2 /* Products */,
			);
			sourceTree = "<group>";
		};
		10982E5B27219163008A34C2 /* Products */ = {
			isa = PBXGroup;
			children = (
				10982E5A27219163008A34C2 /* MVVMArchitectureExample.app */,
				10982E7027219166008A34C2 /* MVVMArchitectureExampleTests.xctest */,
				10982E7A27219166008A34C2 /* MVVMArchitectureExampleUITests.xctest */,
			);
			name = Products;
			sourceTree = "<group>";
		};
		10982E5C27219163008A34C2 /* MVVMArchitectureExample */ = {
			isa = PBXGroup;
			children = (
				10982E9027219270008A34C2 /* Services */,
				10982E8E27219259008A34C2 /* ViewModels */,
				10982E8F27219262008A34C2 /* Controllers */,
				10982E8D27219242008A34C2 /* Models */,
				10982E5D27219163008A34C2 /* AppDelegate.swift */,
				10982E5F27219163008A34C2 /* SceneDelegate.swift */,
				10982E6327219163008A34C2 /* Main.storyboard */,
				10982E6627219165008A34C2 /* Assets.xcassets */,
				10982E6827219165008A34C2 /* LaunchScreen.storyboard */,
				10982E6B27219165008A34C2 /* Info.plist */,
			);
			path = MVVMArchitectureExample;
			sourceTree = "<group>";
		};
		10982E7327219166008A34C2 /* MVVMArchitectureExampleTests */ = {
			isa = PBXGroup;
			children = (
				10982E7427219166008A34C2 /* MVVMArchitectureExampleTests.swift */,
			);
			path = MVVMArchitectureExampleTests;
			sourceTree = "<group>";
		};
		10982E7D27219166008A34C2 /* MVVMArchitectureExampleUITests */ = {
			isa = PBXGroup;
			children = (
				10982E7E27219166008A34C2 /* MVVMArchitectureExampleUITests.swift */,
				10982E8027219166008A34C2 /* MVVMArchitectureExampleUITestsLaunchTests.swift */,
			);
			path = MVVMArchitectureExampleUITests;
			sourceTree = "<group>";
		};
		10982E8D27219242008A34C2 /* Models */ = {
			isa = PBXGroup;
			children = (
				10982E9127219416008A34C2 /* Article.swift */,
			);
			path = Models;
			sourceTree = "<group>";
		};
		10982E8E27219259008A34C2 /* ViewModels */ = {
			isa = PBXGroup;
			children = (
			);
			path = ViewModels;
			sourceTree = "<group>";
		};
		10982E8F27219262008A34C2 /* Controllers */ = {
			isa = PBXGroup;
			children = (
				10982E6127219163008A34C2 /* ViewController.swift */,
			);
			path = Controllers;
			sourceTree = "<group>";
		};
		10982E9027219270008A34C2 /* Services */ = {
			isa = PBXGroup;
			children = (
				10982E9327219468008A34C2 /* WebService.swift */,
			);
			path = Services;
			sourceTree = "<group>";
		};
/* End PBXGroup section */

/* Begin PBXNativeTarget section */
		10982E5927219163008A34C2 /* MVVMArchitectureExample */ = {
			isa = PBXNativeTarget;
			buildConfigurationList = 10982E8427219166008A34C2 /* Build configuration list for PBXNativeTarget "MVVMArchitectureExample" */;
			buildPhases = (
				10982E5627219163008A34C2 /* Sources */,
				10982E5727219163008A34C2 /* Frameworks */,
				10982E5827219163008A34C2 /* Resources */,
			);
			buildRules = (
			);
			dependencies = (
			);
			name = MVVMArchitectureExample;
			productName = MVVMArchitectureExample;
			productReference = 10982E5A27219163008A34C2 /* MVVMArchitectureExample.app */;
			productType = "com.apple.product-type.application";
		};
		10982E6F27219166008A34C2 /* MVVMArchitectureExampleTests */ = {
			isa = PBXNativeTarget;
			buildConfigurationList = 10982E8727219166008A34C2 /* Build configuration list for PBXNativeTarget "MVVMArchitectureExampleTests" */;
			buildPhases = (
				10982E6C27219166008A34C2 /* Sources */,
				10982E6D27219166008A34C2 /* Frameworks */,
				10982E6E27219166008A34C2 /* Resources */,
			);
			buildRules = (
			);
			dependencies = (
				10982E7227219166008A34C2 /* PBXTargetDependency */,
			);
			name = MVVMArchitectureExampleTests;
			productName = MVVMArchitectureExampleTests;
			productReference = 10982E7027219166008A34C2 /* MVVMArchitectureExampleTests.xctest */;
			productType = "com.apple.product-type.bundle.unit-test";
		};
		10982E7927219166008A34C2 /* MVVMArchitectureExampleUITests */ = {
			isa = PBXNativeTarget;
			buildConfigurationList = 10982E8A27219166008A34C2 /* Build configuration list for PBXNativeTarget "MVVMArchitectureExampleUITests" */;
			buildPhases = (
				10982E7627219166008A34C2 /* Sources */,
				10982E7727219166008A34C2 /* Frameworks */,
				10982E7827219166008A34C2 /* Resources */,
			);
			buildRules = (
			);
			dependencies = (
				10982E7C27219166008A34C2 /* PBXTargetDependency */,
			);
			name = MVVMArchitectureExampleUITests;
			productName = MVVMArchitectureExampleUITests;
			productReference = 10982E7A27219166008A34C2 /* MVVMArchitectureExampleUITests.xctest */;
			productType = "com.apple.product-type.bundle.ui-testing";
		};
/* End PBXNativeTarget section */

/* Begin PBXProject section */
		10982E5227219163008A34C2 /* Project object */ = {
			isa = PBXProject;
			attributes = {
				BuildIndependentTargetsInParallel = 1;
				LastSwiftUpdateCheck = 1300;
				LastUpgradeCheck = 1300;
				TargetAttributes = {
					10982E5927219163008A34C2 = {
						CreatedOnToolsVersion = 13.0;
					};
					10982E6F27219166008A34C2 = {
						CreatedOnToolsVersion = 13.0;
						TestTargetID = 10982E5927219163008A34C2;
					};
					10982E7927219166008A34C2 = {
						CreatedOnToolsVersion = 13.0;
						TestTargetID = 10982E5927219163008A34C2;
					};
				};
			};
			buildConfigurationList = 10982E5527219163008A34C2 /* Build configuration list for PBXProject "MVVMArchitectureExample" */;
			compatibilityVersion = "Xcode 13.0";
			developmentRegion = en;
			hasScannedForEncodings = 0;
			knownRegions = (
				en,
				Base,
			);
			mainGroup = 10982E5127219163008A34C2;
			productRefGroup = 10982E5B27219163008A34C2 /* Products */;
			projectDirPath = "";
			projectRoot = "";
			targets = (
				10982E5927219163008A34C2 /* MVVMArchitectureExample */,
				10982E6F27219166008A34C2 /* MVVMArchitectureExampleTests */,
				10982E7927219166008A34C2 /* MVVMArchitectureExampleUITests */,
			);
		};
/* End PBXProject section */

/* Begin PBXResourcesBuildPhase section */
		10982E5827219163008A34C2 /* Resources */ = {
			isa = PBXResourcesBuildPhase;
			buildActionMask = 2147483647;
			files = (
				10982E6A27219165008A34C2 /* LaunchScreen.storyboard in Resources */,
				10982E6727219165008A34C2 /* Assets.xcassets in Resources */,
				10982E6527219163008A34C2 /* Main.storyboard in Resources */,
			);
			runOnlyForDeploymentPostprocessing = 0;
		};
		10982E6E27219166008A34C2 /* Resources */ = {
			isa = PBXResourcesBuildPhase;
			buildActionMask = 2147483647;
			files = (
			);
			runOnlyForDeploymentPostprocessing = 0;
		};
		10982E7827219166008A34C2 /* Resources */ = {
			isa = PBXResourcesBuildPhase;
			buildActionMask = 2147483647;
			files = (
			);
			runOnlyForDeploymentPostprocessing = 0;
		};
/* End PBXResourcesBuildPhase section */

/* Begin PBXSourcesBuildPhase section */
		10982E5627219163008A34C2 /* Sources */ = {
			isa = PBXSourcesBuildPhase;
			buildActionMask = 2147483647;
			files = (
				10982E9227219416008A34C2 /* Article.swift in Sources */,
				10982E6227219163008A34C2 /* ViewController.swift in Sources */,
				10982E5E27219163008A34C2 /* AppDelegate.swift in Sources */,
				10982E9427219468008A34C2 /* WebService.swift in Sources */,
				10982E6027219163008A34C2 /* SceneDelegate.swift in Sources */,
			);
			runOnlyForDeploymentPostprocessing = 0;
		};
		10982E6C27219166008A34C2 /* Sources */ = {
			isa = PBXSourcesBuildPhase;
			buildActionMask = 2147483647;
			files = (
				10982E7527219166008A34C2 /* MVVMArchitectureExampleTests.swift in Sources */,
			);
			runOnlyForDeploymentPostprocessing = 0;
		};
		10982E7627219166008A34C2 /* Sources */ = {
			isa = PBXSourcesBuildPhase;
			buildActionMask = 2147483647;
			files = (
				10982E8127219166008A34C2 /* MVVMArchitectureExampleUITestsLaunchTests.swift in Sources */,
				10982E7F27219166008A34C2 /* MVVMArchitectureExampleUITests.swift in Sources */,
			);
			runOnlyForDeploymentPostprocessing = 0;
		};
/* End PBXSourcesBuildPhase section */

/* Begin PBXTargetDependency section */
		10982E7227219166008A34C2 /* PBXTargetDependency */ = {
			isa = PBXTargetDependency;
			target = 10982E5927219163008A34C2 /* MVVMArchitectureExample */;
			targetProxy = 10982E7127219166008A34C2 /* PBXContainerItemProxy */;
		};
		10982E7C27219166008A34C2 /* PBXTargetDependency */ = {
			isa = PBXTargetDependency;
			target = 10982E5927219163008A34C2 /* MVVMArchitectureExample */;
			targetProxy = 10982E7B27219166008A34C2 /* PBXContainerItemProxy */;
		};
/* End PBXTargetDependency section */

/* Begin PBXVariantGroup section */
		10982E6327219163008A34C2 /* Main.storyboard */ = {
			isa = PBXVariantGroup;
			children = (
				10982E6427219163008A34C2 /* Base */,
			);
			name = Main.storyboard;
			sourceTree = "<group>";
		};
		10982E6827219165008A34C2 /* LaunchScreen.storyboard */ = {
			isa = PBXVariantGroup;
			children = (
				10982E6927219165008A34C2 /* Base */,
			);
			name = LaunchScreen.storyboard;
			sourceTree = "<group>";
		};
/* End PBXVariantGroup section */

/* Begin XCBuildConfiguration section */
		10982E8227219166008A34C2 /* Debug */ = {
			isa = XCBuildConfiguration;
			buildSettings = {
				ALWAYS_SEARCH_USER_PATHS = NO;
				CLANG_ANALYZER_NONNULL = YES;
				CLANG_ANALYZER_NUMBER_OBJECT_CONVERSION = YES_AGGRESSIVE;
				CLANG_CXX_LANGUAGE_STANDARD = "gnu++17";
				CLANG_CXX_LIBRARY = "libc++";
				CLANG_ENABLE_MODULES = YES;
				CLANG_ENABLE_OBJC_ARC = YES;
				CLANG_ENABLE_OBJC_WEAK = YES;
				CLANG_WARN_BLOCK_CAPTURE_AUTORELEASING = YES;
				CLANG_WARN_BOOL_CONVERSION = YES;
				CLANG_WARN_COMMA = YES;
				CLANG_WARN_CONSTANT_CONVERSION = YES;
				CLANG_WARN_DEPRECATED_OBJC_IMPLEMENTATIONS = YES;
				CLANG_WARN_DIRECT_OBJC_ISA_USAGE = YES_ERROR;
				CLANG_WARN_DOCUMENTATION_COMMENTS = YES;
				CLANG_WARN_EMPTY_BODY = YES;
				CLANG_WARN_ENUM_CONVERSION = YES;
				CLANG_WARN_INFINITE_RECURSION = YES;
				CLANG_WARN_INT_CONVERSION = YES;
				CLANG_WARN_NON_LITERAL_NULL_CONVERSION = YES;
				CLANG_WARN_OBJC_IMPLICIT_RETAIN_SELF = YES;
				CLANG_WARN_OBJC_LITERAL_CONVERSION = YES;
				CLANG_WARN_OBJC_ROOT_CLASS = YES_ERROR;
				CLANG_WARN_QUOTED_INCLUDE_IN_FRAMEWORK_HEADER = YES;
				CLANG_WARN_RANGE_LOOP_ANALYSIS = YES;
				CLANG_WARN_STRICT_PROTOTYPES = YES;
				CLANG_WARN_SUSPICIOUS_MOVE = YES;
				CLANG_WARN_UNGUARDED_AVAILABILITY = YES_AGGRESSIVE;
				CLANG_WARN_UNREACHABLE_CODE = YES;
				CLANG_WARN__DUPLICATE_METHOD_MATCH = YES;
				COPY_PHASE_STRIP = NO;
				DEBUG_INFORMATION_FORMAT = dwarf;
				ENABLE_STRICT_OBJC_MSGSEND = YES;
				ENABLE_TESTABILITY = YES;
				GCC_C_LANGUAGE_STANDARD = gnu11;
				GCC_DYNAMIC_NO_PIC = NO;
				GCC_NO_COMMON_BLOCKS = YES;
				GCC_OPTIMIZATION_LEVEL = 0;
				GCC_PREPROCESSOR_DEFINITIONS = (
					"DEBUG=1",
					"$(inherited)",
				);
				GCC_WARN_64_TO_32_BIT_CONVERSION = YES;
				GCC_WARN_ABOUT_RETURN_TYPE = YES_ERROR;
				GCC_WARN_UNDECLARED_SELECTOR = YES;
				GCC_WARN_UNINITIALIZED_AUTOS = YES_AGGRESSIVE;
				GCC_WARN_UNUSED_FUNCTION = YES;
				GCC_WARN_UNUSED_VARIABLE = YES;
				IPHONEOS_DEPLOYMENT_TARGET = 15.0;
				MTL_ENABLE_DEBUG_INFO = INCLUDE_SOURCE;
				MTL_FAST_MATH = YES;
				ONLY_ACTIVE_ARCH = YES;
				SDKROOT = iphoneos;
				SWIFT_ACTIVE_COMPILATION_CONDITIONS = DEBUG;
				SWIFT_OPTIMIZATION_LEVEL = "-Onone";
			};
			name = Debug;
		};
		10982E8327219166008A34C2 /* Release */ = {
			isa = XCBuildConfiguration;
			buildSettings = {
				ALWAYS_SEARCH_USER_PATHS = NO;
				CLANG_ANALYZER_NONNULL = YES;
				CLANG_ANALYZER_NUMBER_OBJECT_CONVERSION = YES_AGGRESSIVE;
				CLANG_CXX_LANGUAGE_STANDARD = "gnu++17";
				CLANG_CXX_LIBRARY = "libc++";
				CLANG_ENABLE_MODULES = YES;
				CLANG_ENABLE_OBJC_ARC = YES;
				CLANG_ENABLE_OBJC_WEAK = YES;
				CLANG_WARN_BLOCK_CAPTURE_AUTORELEASING = YES;
				CLANG_WARN_BOOL_CONVERSION = YES;
				CLANG_WARN_COMMA = YES;
				CLANG_WARN_CONSTANT_CONVERSION = YES;
				CLANG_WARN_DEPRECATED_OBJC_IMPLEMENTATIONS = YES;
				CLANG_WARN_DIRECT_OBJC_ISA_USAGE = YES_ERROR;
				CLANG_WARN_DOCUMENTATION_COMMENTS = YES;
				CLANG_WARN_EMPTY_BODY = YES;
				CLANG_WARN_ENUM_CONVERSION = YES;
				CLANG_WARN_INFINITE_RECURSION = YES;
				CLANG_WARN_INT_CONVERSION = YES;
				CLANG_WARN_NON_LITERAL_NULL_CONVERSION = YES;
				CLANG_WARN_OBJC_IMPLICIT_RETAIN_SELF = YES;
				CLANG_WARN_OBJC_LITERAL_CONVERSION = YES;
				CLANG_WARN_OBJC_ROOT_CLASS = YES_ERROR;
				CLANG_WARN_QUOTED_INCLUDE_IN_FRAMEWORK_HEADER = YES;
				CLANG_WARN_RANGE_LOOP_ANALYSIS = YES;
				CLANG_WARN_STRICT_PROTOTYPES = YES;
				CLANG_WARN_SUSPICIOUS_MOVE = YES;
				CLANG_WARN_UNGUARDED_AVAILABILITY = YES_AGGRESSIVE;
				CLANG_WARN_UNREACHABLE_CODE = YES;
				CLANG_WARN__DUPLICATE_METHOD_MATCH = YES;
				COPY_PHASE_STRIP = NO;
				DEBUG_INFORMATION_FORMAT = "dwarf-with-dsym";
				ENABLE_NS_ASSERTIONS = NO;
				ENABLE_STRICT_OBJC_MSGSEND = YES;
				GCC_C_LANGUAGE_STANDARD = gnu11;
				GCC_NO_COMMON_BLOCKS = YES;
				GCC_WARN_64_TO_32_BIT_CONVERSION = YES;
				GCC_WARN_ABOUT_RETURN_TYPE = YES_ERROR;
				GCC_WARN_UNDECLARED_SELECTOR = YES;
				GCC_WARN_UNINITIALIZED_AUTOS = YES_AGGRESSIVE;
				GCC_WARN_UNUSED_FUNCTION = YES;
				GCC_WARN_UNUSED_VARIABLE = YES;
				IPHONEOS_DEPLOYMENT_TARGET = 15.0;
				MTL_ENABLE_DEBUG_INFO = NO;
				MTL_FAST_MATH = YES;
				SDKROOT = iphoneos;
				SWIFT_COMPILATION_MODE = wholemodule;
				SWIFT_OPTIMIZATION_LEVEL = "-O";
				VALIDATE_PRODUCT = YES;
			};
			name = Release;
		};
		10982E8527219166008A34C2 /* Debug */ = {
			isa = XCBuildConfiguration;
			buildSettings = {
				ASSETCATALOG_COMPILER_APPICON_NAME = AppIcon;
				ASSETCATALOG_COMPILER_GLOBAL_ACCENT_COLOR_NAME = AccentColor;
				CODE_SIGN_STYLE = Automatic;
				CURRENT_PROJECT_VERSION = 1;
				GENERATE_INFOPLIST_FILE = YES;
				INFOPLIST_FILE = MVVMArchitectureExample/Info.plist;
				INFOPLIST_KEY_UIApplicationSupportsIndirectInputEvents = YES;
				INFOPLIST_KEY_UILaunchStoryboardName = LaunchScreen;
				INFOPLIST_KEY_UIMainStoryboardFile = Main;
				INFOPLIST_KEY_UISupportedInterfaceOrientations_iPad = "UIInterfaceOrientationPortrait UIInterfaceOrientationPortraitUpsideDown UIInterfaceOrientationLandscapeLeft UIInterfaceOrientationLandscapeRight";
				INFOPLIST_KEY_UISupportedInterfaceOrientations_iPhone = "UIInterfaceOrientationPortrait UIInterfaceOrientationLandscapeLeft UIInterfaceOrientationLandscapeRight";
				LD_RUNPATH_SEARCH_PATHS = (
					"$(inherited)",
					"@executable_path/Frameworks",
				);
				MARKETING_VERSION = 1.0;
				PRODUCT_BUNDLE_IDENTIFIER = com.euri.mvvmexample.MVVMArchitectureExample;
				PRODUCT_NAME = "$(TARGET_NAME)";
				SWIFT_EMIT_LOC_STRINGS = YES;
				SWIFT_VERSION = 5.0;
				TARGETED_DEVICE_FAMILY = "1,2";
			};
			name = Debug;
		};
		10982E8627219166008A34C2 /* Release */ = {
			isa = XCBuildConfiguration;
			buildSettings = {
				ASSETCATALOG_COMPILER_APPICON_NAME = AppIcon;
				ASSETCATALOG_COMPILER_GLOBAL_ACCENT_COLOR_NAME = AccentColor;
				CODE_SIGN_STYLE = Automatic;
				CURRENT_PROJECT_VERSION = 1;
				GENERATE_INFOPLIST_FILE = YES;
				INFOPLIST_FILE = MVVMArchitectureExample/Info.plist;
				INFOPLIST_KEY_UIApplicationSupportsIndirectInputEvents = YES;
				INFOPLIST_KEY_UILaunchStoryboardName = LaunchScreen;
				INFOPLIST_KEY_UIMainStoryboardFile = Main;
				INFOPLIST_KEY_UISupportedInterfaceOrientations_iPad = "UIInterfaceOrientationPortrait UIInterfaceOrientationPortraitUpsideDown UIInterfaceOrientationLandscapeLeft UIInterfaceOrientationLandscapeRight";
				INFOPLIST_KEY_UISupportedInterfaceOrientations_iPhone = "UIInterfaceOrientationPortrait UIInterfaceOrientationLandscapeLeft UIInterfaceOrientationLandscapeRight";
				LD_RUNPATH_SEARCH_PATHS = (
					"$(inherited)",
					"@executable_path/Frameworks",
				);
				MARKETING_VERSION = 1.0;
				PRODUCT_BUNDLE_IDENTIFIER = com.euri.mvvmexample.MVVMArchitectureExample;
				PRODUCT_NAME = "$(TARGET_NAME)";
				SWIFT_EMIT_LOC_STRINGS = YES;
				SWIFT_VERSION = 5.0;
				TARGETED_DEVICE_FAMILY = "1,2";
			};
			name = Release;
		};
		10982E8827219166008A34C2 /* Debug */ = {
			isa = XCBuildConfiguration;
			buildSettings = {
				ALWAYS_EMBED_SWIFT_STANDARD_LIBRARIES = YES;
				BUNDLE_LOADER = "$(TEST_HOST)";
				CODE_SIGN_STYLE = Automatic;
				CURRENT_PROJECT_VERSION = 1;
				GENERATE_INFOPLIST_FILE = YES;
				IPHONEOS_DEPLOYMENT_TARGET = 15.0;
				LD_RUNPATH_SEARCH_PATHS = (
					"$(inherited)",
					"@executable_path/Frameworks",
					"@loader_path/Frameworks",
				);
				MARKETING_VERSION = 1.0;
				PRODUCT_BUNDLE_IDENTIFIER = com.euri.mvvmexample.MVVMArchitectureExampleTests;
				PRODUCT_NAME = "$(TARGET_NAME)";
				SWIFT_EMIT_LOC_STRINGS = NO;
				SWIFT_VERSION = 5.0;
				TARGETED_DEVICE_FAMILY = "1,2";
				TEST_HOST = "$(BUILT_PRODUCTS_DIR)/MVVMArchitectureExample.app/MVVMArchitectureExample";
			};
			name = Debug;
		};
		10982E8927219166008A34C2 /* Release */ = {
			isa = XCBuildConfiguration;
			buildSettings = {
				ALWAYS_EMBED_SWIFT_STANDARD_LIBRARIES = YES;
				BUNDLE_LOADER = "$(TEST_HOST)";
				CODE_SIGN_STYLE = Automatic;
				CURRENT_PROJECT_VERSION = 1;
				GENERATE_INFOPLIST_FILE = YES;
				IPHONEOS_DEPLOYMENT_TARGET = 15.0;
				LD_RUNPATH_SEARCH_PATHS = (
					"$(inherited)",
					"@executable_path/Frameworks",
					"@loader_path/Frameworks",
				);
				MARKETING_VERSION = 1.0;
				PRODUCT_BUNDLE_IDENTIFIER = com.euri.mvvmexample.MVVMArchitectureExampleTests;
				PRODUCT_NAME = "$(TARGET_NAME)";
				SWIFT_EMIT_LOC_STRINGS = NO;
				SWIFT_VERSION = 5.0;
				TARGETED_DEVICE_FAMILY = "1,2";
				TEST_HOST = "$(BUILT_PRODUCTS_DIR)/MVVMArchitectureExample.app/MVVMArchitectureExample";
			};
			name = Release;
		};
		10982E8B27219166008A34C2 /* Debug */ = {
			isa = XCBuildConfiguration;
			buildSettings = {
				ALWAYS_EMBED_SWIFT_STANDARD_LIBRARIES = YES;
				CODE_SIGN_STYLE = Automatic;
				CURRENT_PROJECT_VERSION = 1;
				GENERATE_INFOPLIST_FILE = YES;
				LD_RUNPATH_SEARCH_PATHS = (
					"$(inherited)",
					"@executable_path/Frameworks",
					"@loader_path/Frameworks",
				);
				MARKETING_VERSION = 1.0;
				PRODUCT_BUNDLE_IDENTIFIER = com.euri.mvvmexample.MVVMArchitectureExampleUITests;
				PRODUCT_NAME = "$(TARGET_NAME)";
				SWIFT_EMIT_LOC_STRINGS = NO;
				SWIFT_VERSION = 5.0;
				TARGETED_DEVICE_FAMILY = "1,2";
				TEST_TARGET_NAME = MVVMArchitectureExample;
			};
			name = Debug;
		};
		10982E8C27219166008A34C2 /* Release */ = {
			isa = XCBuildConfiguration;
			buildSettings = {
				ALWAYS_EMBED_SWIFT_STANDARD_LIBRARIES = YES;
				CODE_SIGN_STYLE = Automatic;
				CURRENT_PROJECT_VERSION = 1;
				GENERATE_INFOPLIST_FILE = YES;
				LD_RUNPATH_SEARCH_PATHS = (
					"$(inherited)",
					"@executable_path/Frameworks",
					"@loader_path/Frameworks",
				);
				MARKETING_VERSION = 1.0;
				PRODUCT_BUNDLE_IDENTIFIER = com.euri.mvvmexample.MVVMArchitectureExampleUITests;
				PRODUCT_NAME = "$(TARGET_NAME)";
				SWIFT_EMIT_LOC_STRINGS = NO;
				SWIFT_VERSION = 5.0;
				TARGETED_DEVICE_FAMILY = "1,2";
				TEST_TARGET_NAME = MVVMArchitectureExample;
			};
			name = Release;
		};
/* End XCBuildConfiguration section */

/* Begin XCConfigurationList section */
		10982E5527219163008A34C2 /* Build configuration list for PBXProject "MVVMArchitectureExample" */ = {
			isa = XCConfigurationList;
			buildConfigurations = (
				10982E8227219166008A34C2 /* Debug */,
				10982E8327219166008A34C2 /* Release */,
			);
			defaultConfigurationIsVisible = 0;
			defaultConfigurationName = Release;
		};
		10982E8427219166008A34C2 /* Build configuration list for PBXNativeTarget "MVVMArchitectureExample" */ = {
			isa = XCConfigurationList;
			buildConfigurations = (
				10982E8527219166008A34C2 /* Debug */,
				10982E8627219166008A34C2 /* Release */,
			);
			defaultConfigurationIsVisible = 0;
			defaultConfigurationName = Release;
		};
		10982E8727219166008A34C2 /* Build configuration list for PBXNativeTarget "MVVMArchitectureExampleTests" */ = {
			isa = XCConfigurationList;
			buildConfigurations = (
				10982E8827219166008A34C2 /* Debug */,
				10982E8927219166008A34C2 /* Release */,
			);
			defaultConfigurationIsVisible = 0;
			defaultConfigurationName = Release;
		};
		10982E8A27219166008A34C2 /* Build configuration list for PBXNativeTarget "MVVMArchitectureExampleUITests" */ = {
			isa = XCConfigurationList;
			buildConfigurations = (
				10982E8B27219166008A34C2 /* Debug */,
				10982E8C27219166008A34C2 /* Release */,
			);
			defaultConfigurationIsVisible = 0;
			defaultConfigurationName = Release;
		};
/* End XCConfigurationList section */
	};
	rootObject = 10982E5227219163008A34C2 /* Project object */;
}
